
Microsoft Visual Studio Solution File, Format Version 12.00
# Visual Studio Version 16
VisualStudioVersion = 16.0.30711.63
MinimumVisualStudioVersion = 10.0.40219.1
Project("{FAE04EC0-301F-11D3-BF4B-00C04F79EFBC}") = "CrudWIndowsForms", "CrudWIndowsForms\CrudWIndowsForms.csproj", "{68D19DD7-7F48-4E98-88D7-8C49FBE967FA}"
EndProject
Global
	GlobalSection(SolutionConfigurationPlatforms) = preSolution
		Debug|Any CPU = Debug|Any CPU
		Release|Any CPU = Release|Any CPU
	EndGlobalSection
	GlobalSection(ProjectConfigurationPlatforms) = postSolution
		{68D19DD7-7F48-4E98-88D7-8C49FBE967FA}.Debug|Any CPU.ActiveCfg = Debug|Any CPU
		{68D19DD7-7F48-4E98-88D7-8C49FBE967FA}.Debug|Any CPU.Build.0 = Debug|Any CPU
		{68D19DD7-7F48-4E98-88D7-8C49FBE967FA}.Release|Any CPU.ActiveCfg = Release|Any CPU
		{68D19DD7-7F48-4E98-88D7-8C49FBE967FA}.Release|Any CPU.Build.0 = Release|Any CPU
	EndGlobalSection
	GlobalSection(SolutionProperties) = preSolution
		HideSolutionNode = FALSE
	EndGlobalSection
	GlobalSection(ExtensibilityGlobals) = postSolution
		SolutionGuid = {EA814C44-3AE5-47D7-AA43-9EFF432E9ECE}
	EndGlobalSection
EndGlobal
